
Microsoft Visual Studio Solution File, Format Version 12.00
# Visual Studio Version 16
VisualStudioVersion = 16.0.810.25
MinimumVisualStudioVersion = 10.0.40219.1
Project("{FAE04EC0-301F-11D3-BF4B-00C04F79EFBC}") = "DoublyLinkedList", "DoublyLinkedList\DoublyLinkedList.csproj", "{DAEFCF26-4B45-4731-BE56-1331D1B01DCF}"
EndProject
Global
	GlobalSection(SolutionConfigurationPlatforms) = preSolution
		Debug|Any CPU = Debug|Any CPU
		Release|Any CPU = Release|Any CPU
	EndGlobalSection
	GlobalSection(ProjectConfigurationPlatforms) = postSolution
		{DAEFCF26-4B45-4731-BE56-1331D1B01DCF}.Debug|Any CPU.ActiveCfg = Debug|Any CPU
		{DAEFCF26-4B45-4731-BE56-1331D1B01DCF}.Debug|Any CPU.Build.0 = Debug|Any CPU
		{DAEFCF26-4B45-4731-BE56-1331D1B01DCF}.Release|Any CPU.ActiveCfg = Release|Any CPU
		{DAEFCF26-4B45-4731-BE56-1331D1B01DCF}.Release|Any CPU.Build.0 = Release|Any CPU
	EndGlobalSection
	GlobalSection(SolutionProperties) = preSolution
		HideSolutionNode = FALSE
	EndGlobalSection
	GlobalSection(ExtensibilityGlobals) = postSolution
		SolutionGuid = {4095CE0C-A878-429A-89E3-CC24E8709457}
	EndGlobalSection
EndGlobal
