
Microsoft Visual Studio Solution File, Format Version 12.00
# Visual Studio Version 16
VisualStudioVersion = 16.0.810.14
MinimumVisualStudioVersion = 10.0.40219.1
Project("{FAE04EC0-301F-11D3-BF4B-00C04F79EFBC}") = "FactorialOfNumber", "FactorialOfNumber\FactorialOfNumber.csproj", "{851B170E-4CB0-4905-9B96-6EB7DC9AA0D9}"
EndProject
Global
	GlobalSection(SolutionConfigurationPlatforms) = preSolution
		Debug|Any CPU = Debug|Any CPU
		Release|Any CPU = Release|Any CPU
	EndGlobalSection
	GlobalSection(ProjectConfigurationPlatforms) = postSolution
		{851B170E-4CB0-4905-9B96-6EB7DC9AA0D9}.Debug|Any CPU.ActiveCfg = Debug|Any CPU
		{851B170E-4CB0-4905-9B96-6EB7DC9AA0D9}.Debug|Any CPU.Build.0 = Debug|Any CPU
		{851B170E-4CB0-4905-9B96-6EB7DC9AA0D9}.Release|Any CPU.ActiveCfg = Release|Any CPU
		{851B170E-4CB0-4905-9B96-6EB7DC9AA0D9}.Release|Any CPU.Build.0 = Release|Any CPU
	EndGlobalSection
	GlobalSection(SolutionProperties) = preSolution
		HideSolutionNode = FALSE
	EndGlobalSection
	GlobalSection(ExtensibilityGlobals) = postSolution
		SolutionGuid = {3944F6E7-A8F0-406F-A62D-E466ACBA4EEB}
	EndGlobalSection
EndGlobal
